{
  "version": 4,
  "terraform_version": "1.12.2",
  "serial": 8,
  "lineage": "6ff601b9-d22a-d22d-73f3-b97351879bb9",
  "outputs": {},
  "resources": [
    {
      "mode": "data",
      "type": "google_client_config",
      "name": "default",
      "provider": "provider[\"registry.terraform.io/hashicorp/google\"]",
      "instances": [
        {
          "schema_version": 0,
          "attributes": {
            "access_token": "ya29.a0AS3H6NxOnWoCZuJs8zvdjIfSPEmeCe62HS9IjXJc3iZ8xyt5hT_jGShww4cvRwTvsWMAg6uyU6pkf_0S45m5qmb5DPRYArMk-GlCncovLdmwyVPUHv5yx7cdx99Cw_4xIDkcJxue2FaqB8V4E2ER11uRUcobDee4UmICIl2zaCgYKAfsSARQSFQHGX2Mii9BNYKsaCFh8ONzfKzC7tg0175",
            "id": "projects/\"gentle-broker-469013-d6\"/regions/\"us-central1\"/zones/\"us-central1-a\"",
            "project": "gentle-broker-469013-d6",
            "region": "us-central1",
            "zone": "us-central1-a"
          },
          "sensitive_attributes": [
            [
              {
                "type": "get_attr",
                "value": "access_token"
              }
            ]
          ],
          "identity_schema_version": 0
        }
      ]
    },
    {
      "mode": "managed",
      "type": "google_container_cluster",
      "name": "primary",
      "provider": "provider[\"registry.terraform.io/hashicorp/google\"]",
      "instances": [
        {
          "schema_version": 2,
          "attributes": {
            "addons_config": [
              {
                "cloudrun_config": [],
                "config_connector_config": [],
                "dns_cache_config": [],
                "gce_persistent_disk_csi_driver_config": [
                  {
                    "enabled": true
                  }
                ],
                "gcp_filestore_csi_driver_config": [],
                "gcs_fuse_csi_driver_config": [],
                "gke_backup_agent_config": [],
                "horizontal_pod_autoscaling": [],
                "http_load_balancing": [],
                "network_policy_config": [
                  {
                    "disabled": true
                  }
                ],
                "stateful_ha_config": []
              }
            ],
            "allow_net_admin": null,
            "authenticator_groups_config": [],
            "binary_authorization": [
              {
                "enabled": false,
                "evaluation_mode": ""
              }
            ],
            "cluster_autoscaling": [
              {
                "auto_provisioning_defaults": [],
                "autoscaling_profile": "BALANCED",
                "enabled": false,
                "resource_limits": []
              }
            ],
            "cluster_ipv4_cidr": "10.76.0.0/14",
            "confidential_nodes": [],
            "cost_management_config": [],
            "database_encryption": [
              {
                "key_name": "",
                "state": "DECRYPTED"
              }
            ],
            "datapath_provider": "",
            "default_max_pods_per_node": 110,
            "default_snat_status": [
              {
                "disabled": false
              }
            ],
            "deletion_protection": true,
            "description": "",
            "dns_config": [],
            "enable_autopilot": false,
            "enable_cilium_clusterwide_network_policy": false,
            "enable_intranode_visibility": false,
            "enable_k8s_beta_apis": [],
            "enable_kubernetes_alpha": false,
            "enable_l4_ilb_subsetting": false,
            "enable_legacy_abac": false,
            "enable_shielded_nodes": true,
            "enable_tpu": false,
            "endpoint": "34.135.192.83",
            "fleet": [],
            "gateway_api_config": [],
            "id": "projects/gentle-broker-469013-d6/locations/us-central1-a/clusters/pipeline-cluster",
            "identity_service_config": [],
            "initial_node_count": 2,
            "ip_allocation_policy": [
              {
                "additional_pod_ranges_config": [],
                "cluster_ipv4_cidr_block": "10.76.0.0/14",
                "cluster_secondary_range_name": "gke-pipeline-cluster-pods-830f0d2f",
                "pod_cidr_overprovision_config": [
                  {
                    "disabled": false
                  }
                ],
                "services_ipv4_cidr_block": "34.118.224.0/20",
                "services_secondary_range_name": "",
                "stack_type": "IPV4"
              }
            ],
            "label_fingerprint": "a9dc16a7",
            "location": "us-central1-a",
            "logging_config": [
              {
                "enable_components": [
                  "SYSTEM_COMPONENTS",
                  "WORKLOADS"
                ]
              }
            ],
            "logging_service": "logging.googleapis.com/kubernetes",
            "maintenance_policy": [],
            "master_auth": [
              {
                "client_certificate": "",
                "client_certificate_config": [
                  {
                    "issue_client_certificate": false
                  }
                ],
                "client_key": "",
                "cluster_ca_certificate": "LS0tLS1CRUdJTiBDRVJUSUZJQ0FURS0tLS0tCk1JSUVMRENDQXBTZ0F3SUJBZ0lRS0RDWC8zZHFqdDUwL0htVThkaEJGREFOQmdrcWhraUc5dzBCQVFzRkFEQXYKTVMwd0t3WURWUVFERXlRNU56QXlObVUxT0Mwd09UQmlMVFF5T0dFdE9UUTFPUzA0TkdaaU1XWmpPREEyTkdJdwpJQmNOTWpVd09ERTBNVE16TlRFMVdoZ1BNakExTlRBNE1EY3hORE0xTVRWYU1DOHhMVEFyQmdOVkJBTVRKRGszCk1ESTJaVFU0TFRBNU1HSXROREk0WVMwNU5EVTVMVGcwWm1JeFptTTRNRFkwWWpDQ0FhSXdEUVlKS29aSWh2Y04KQVFFQkJRQURnZ0dQQURDQ0FZb0NnZ0dCQUxKbmt4ZStvK3kwMWgzWi9oWHhwbDZPck1hSDgxd0xvNTgvVFFWUQpzdXFMUnFCK0Z1aEh3azlvWlNVMkFEaWxMRnE3MWxzMVpOTmRkcnllNzNralJmeDB3N2I3U05XdlBtVk0xMWR2CjJWaWxYUjNPVWNVazNZUzNwSytlTEtTUVRWQzZYNnZnNUJ2OTZwdWhBOCtLeDVPQ1V2eUx3VXgvcHBsZmp1anYKU0gzaTJzNUFDcCtQN1JrSTlXNFF2ZEhUTEZtemplUkZEcEZpNUZGQnZ6eXh4azF0WnVQSTZaZWxJN1lNMjZaMgo4LzMwT3pGejF4M05sUkxVUjk0K0E0Z2VGczhiZkp0ZktCRjk4NWU5RzA3MUJ3bk5Dc2dDaldreTl5dVZnY2c2Cm1rV2pQSVlGb1Z4R0htbTlWTjJVYVNqVTNQckMvRVBRTHM3OFF6bUVIZEF0VTcrK2ZRalpzd1lVOFJsa3ZHRHIKeWlmZzBENTB6dVdGSkE2SUpXMTc0ODN2dDBRMUxBY3lSQ3R1WlMxSnRlbXAyZmpaZDFTU2VuamJIdU5vek44Uwp5SnBDYnhJSVJMVlVvQVQwby9oMUpiRUN1UnJWbjNEdlB0TVlUcStqYmN6NSsybjc4TFVvZVcwRVNXYTdXbDNQCmhOb2h5aGVacXlKcFJ2Q3ljdUluc2tML0tRSURBUUFCbzBJd1FEQU9CZ05WSFE4QkFmOEVCQU1DQWdRd0R3WUQKVlIwVEFRSC9CQVV3QXdFQi96QWRCZ05WSFE0RUZnUVVmS2ZRdk00d3FWYlpyM0VaamxObmU5THN2Qmd3RFFZSgpLb1pJaHZjTkFRRUxCUUFEZ2dHQkFGalVham1mTVZKNGw0dTJWSmxEZ3AzRkFUT0xHc2RsRjNYSGxEZERGYUpzCjJ5WFUxTDF3YnlwSFhZajlJWVpsQkk3dnB3UFlFdWh1T0JINU5mcWNUNUdxenlIQ0J4U3dyZkU0Z3RzR0RJbUYKWkFsVEJ6ZVRMWmJGQ0VOVXlickYzdERQaGMxWnl0aVpnOHRMMnBtWldOMVJVUjlFaU91bjZzREVIOW4vZlB4ZgpNVlI0bEpSdUtFM0ZZVk5qVDU4U3ZRYlVsazNWeG5neld5dGo1Q3BiQk1uSkg5SzlPNWJHM3JacU01Z0FEcnZuCmwvTTZoeGs3Y2ZQd0xwR3Q4S2ZNT0gzRmhRazVzMDNlRUsvTTBjMFlyNG1ISnQrRE9laTkwR2FBWGxQaW8rQkEKaWdBdWNNc3dFQ0dNejd4ZU1VSzcra2Q3TjhMbkwySnZOUTY3eEtmSkdLMnVicHNXYnZDWWgvcHdSL09jV01SeQpHVlBOdFh2UHU1NWc0b1VHUGlFSEpib09SdXU2QzdpM0tDTDJJaTFuTHZ4eUljeW54OUhGQ2xmZEpVb2k4SjNmCjZlVys0ZXlFTnJ5Zk9JMEJCOWpMaG1zU0pkSHhDQmxhV0h5aFNVUlRMbDlzbHB0UXlFYXlFbVNDSXJMNDVtMUwKa1hBSkd6VTNtNzA2eGZxTUFicy9PUT09Ci0tLS0tRU5EIENFUlRJRklDQVRFLS0tLS0K"
              }
            ],
            "master_authorized_networks_config": [],
            "master_version": "1.33.2-gke.1240000",
            "mesh_certificates": [],
            "min_master_version": null,
            "monitoring_config": [
              {
                "advanced_datapath_observability_config": [
                  {
                    "enable_metrics": false,
                    "enable_relay": false,
                    "relay_mode": "DISABLED"
                  }
                ],
                "enable_components": [
                  "SYSTEM_COMPONENTS",
                  "STORAGE",
                  "HPA",
                  "POD",
                  "DAEMONSET",
                  "DEPLOYMENT",
                  "STATEFULSET",
                  "JOBSET",
                  "CADVISOR",
                  "KUBELET",
                  "DCGM"
                ],
                "managed_prometheus": [
                  {
                    "enabled": true
                  }
                ]
              }
            ],
            "monitoring_service": "monitoring.googleapis.com/kubernetes",
            "name": "pipeline-cluster",
            "network": "projects/gentle-broker-469013-d6/global/networks/default",
            "network_policy": [
              {
                "enabled": false,
                "provider": "PROVIDER_UNSPECIFIED"
              }
            ],
            "networking_mode": "VPC_NATIVE",
            "node_config": [
              {
                "advanced_machine_features": [],
                "boot_disk_kms_key": "",
                "confidential_nodes": [],
                "containerd_config": [],
                "disk_size_gb": 100,
                "disk_type": "pd-balanced",
                "effective_taints": [],
                "enable_confidential_storage": false,
                "ephemeral_storage_local_ssd_config": [],
                "fast_socket": [],
                "gcfs_config": [],
                "guest_accelerator": [],
                "gvnic": [],
                "host_maintenance_policy": [],
                "image_type": "COS_CONTAINERD",
                "kubelet_config": [
                  {
                    "cpu_cfs_quota": false,
                    "cpu_cfs_quota_period": "",
                    "cpu_manager_policy": "",
                    "pod_pids_limit": 0
                  }
                ],
                "labels": {},
                "linux_node_config": [],
                "local_nvme_ssd_block_config": [],
                "local_ssd_count": 0,
                "logging_variant": "DEFAULT",
                "machine_type": "e2-medium",
                "metadata": {
                  "disable-legacy-endpoints": "true"
                },
                "min_cpu_platform": "",
                "node_group": "",
                "oauth_scopes": [
                  "https://www.googleapis.com/auth/devstorage.read_only",
                  "https://www.googleapis.com/auth/logging.write",
                  "https://www.googleapis.com/auth/monitoring",
                  "https://www.googleapis.com/auth/service.management.readonly",
                  "https://www.googleapis.com/auth/servicecontrol",
                  "https://www.googleapis.com/auth/trace.append"
                ],
                "preemptible": false,
                "reservation_affinity": [],
                "resource_labels": {
                  "goog-gke-node-pool-provisioning-model": "on-demand"
                },
                "resource_manager_tags": null,
                "secondary_boot_disks": [],
                "service_account": "default",
                "shielded_instance_config": [
                  {
                    "enable_integrity_monitoring": true,
                    "enable_secure_boot": false
                  }
                ],
                "sole_tenant_config": [],
                "spot": false,
                "tags": null,
                "taint": [],
                "workload_metadata_config": []
              }
            ],
            "node_locations": [],
            "node_pool": [
              {
                "autoscaling": [],
                "initial_node_count": 2,
                "instance_group_urls": [
                  "https://www.googleapis.com/compute/v1/projects/gentle-broker-469013-d6/zones/us-central1-a/instanceGroupManagers/gke-pipeline-cluster-default-pool-11251dcd-grp"
                ],
                "managed_instance_group_urls": [
                  "https://www.googleapis.com/compute/v1/projects/gentle-broker-469013-d6/zones/us-central1-a/instanceGroups/gke-pipeline-cluster-default-pool-11251dcd-grp"
                ],
                "management": [
                  {
                    "auto_repair": true,
                    "auto_upgrade": true
                  }
                ],
                "max_pods_per_node": 110,
                "name": "default-pool",
                "name_prefix": "",
                "network_config": [
                  {
                    "create_pod_range": false,
                    "enable_private_nodes": false,
                    "network_performance_config": [],
                    "pod_cidr_overprovision_config": [],
                    "pod_ipv4_cidr_block": "10.76.0.0/14",
                    "pod_range": "gke-pipeline-cluster-pods-830f0d2f"
                  }
                ],
                "node_config": [
                  {
                    "advanced_machine_features": [],
                    "boot_disk_kms_key": "",
                    "confidential_nodes": [],
                    "containerd_config": [],
                    "disk_size_gb": 100,
                    "disk_type": "pd-balanced",
                    "effective_taints": [],
                    "enable_confidential_storage": false,
                    "ephemeral_storage_local_ssd_config": [],
                    "fast_socket": [],
                    "gcfs_config": [],
                    "guest_accelerator": [],
                    "gvnic": [],
                    "host_maintenance_policy": [],
                    "image_type": "COS_CONTAINERD",
                    "kubelet_config": [
                      {
                        "cpu_cfs_quota": false,
                        "cpu_cfs_quota_period": "",
                        "cpu_manager_policy": "",
                        "pod_pids_limit": 0
                      }
                    ],
                    "labels": {},
                    "linux_node_config": [],
                    "local_nvme_ssd_block_config": [],
                    "local_ssd_count": 0,
                    "logging_variant": "DEFAULT",
                    "machine_type": "e2-medium",
                    "metadata": {
                      "disable-legacy-endpoints": "true"
                    },
                    "min_cpu_platform": "",
                    "node_group": "",
                    "oauth_scopes": [
                      "https://www.googleapis.com/auth/devstorage.read_only",
                      "https://www.googleapis.com/auth/logging.write",
                      "https://www.googleapis.com/auth/monitoring",
                      "https://www.googleapis.com/auth/service.management.readonly",
                      "https://www.googleapis.com/auth/servicecontrol",
                      "https://www.googleapis.com/auth/trace.append"
                    ],
                    "preemptible": false,
                    "reservation_affinity": [],
                    "resource_labels": {
                      "goog-gke-node-pool-provisioning-model": "on-demand"
                    },
                    "resource_manager_tags": {},
                    "secondary_boot_disks": [],
                    "service_account": "default",
                    "shielded_instance_config": [
                      {
                        "enable_integrity_monitoring": true,
                        "enable_secure_boot": false
                      }
                    ],
                    "sole_tenant_config": [],
                    "spot": false,
                    "tags": [],
                    "taint": [],
                    "workload_metadata_config": []
                  }
                ],
                "node_count": 2,
                "node_locations": [
                  "us-central1-a"
                ],
                "placement_policy": [],
                "queued_provisioning": [],
                "upgrade_settings": [
                  {
                    "blue_green_settings": [],
                    "max_surge": 1,
                    "max_unavailable": 0,
                    "strategy": "SURGE"
                  }
                ],
                "version": "1.33.2-gke.1240000"
              }
            ],
            "node_pool_auto_config": [
              {
                "network_tags": null,
                "resource_manager_tags": null
              }
            ],
            "node_pool_defaults": [
              {
                "node_config_defaults": [
                  {
                    "containerd_config": [],
                    "logging_variant": "DEFAULT"
                  }
                ]
              }
            ],
            "node_version": "1.33.2-gke.1240000",
            "notification_config": [
              {
                "pubsub": [
                  {
                    "enabled": false,
                    "filter": [],
                    "topic": ""
                  }
                ]
              }
            ],
            "operation": null,
            "private_cluster_config": [
              {
                "enable_private_endpoint": false,
                "enable_private_nodes": false,
                "master_global_access_config": [
                  {
                    "enabled": false
                  }
                ],
                "master_ipv4_cidr_block": "",
                "peering_name": "",
                "private_endpoint": "10.128.0.5",
                "private_endpoint_subnetwork": "",
                "public_endpoint": "34.135.192.83"
              }
            ],
            "private_ipv6_google_access": "",
            "project": "gentle-broker-469013-d6",
            "release_channel": [
              {
                "channel": "REGULAR"
              }
            ],
            "remove_default_node_pool": null,
            "resource_labels": null,
            "resource_usage_export_config": [],
            "security_posture_config": [
              {
                "mode": "BASIC",
                "vulnerability_mode": "VULNERABILITY_MODE_UNSPECIFIED"
              }
            ],
            "self_link": "https://container.googleapis.com/v1/projects/gentle-broker-469013-d6/zones/us-central1-a/clusters/pipeline-cluster",
            "service_external_ips_config": [
              {
                "enabled": false
              }
            ],
            "services_ipv4_cidr": "34.118.224.0/20",
            "subnetwork": "projects/gentle-broker-469013-d6/regions/us-central1/subnetworks/default",
            "timeouts": null,
            "tpu_ipv4_cidr_block": "",
            "vertical_pod_autoscaling": [],
            "workload_identity_config": []
          },
          "sensitive_attributes": [
            [
              {
                "type": "get_attr",
                "value": "master_auth"
              },
              {
                "type": "index",
                "value": {
                  "value": 0,
                  "type": "number"
                }
              },
              {
                "type": "get_attr",
                "value": "client_key"
              }
            ]
          ],
          "identity_schema_version": 0,
          "private": "eyJlMmJmYjczMC1lY2FhLTExZTYtOGY4OC0zNDM2M2JjN2M0YzAiOnsiY3JlYXRlIjoyNDAwMDAwMDAwMDAwLCJkZWxldGUiOjI0MDAwMDAwMDAwMDAsInJlYWQiOjI0MDAwMDAwMDAwMDAsInVwZGF0ZSI6MzYwMDAwMDAwMDAwMH0sInNjaGVtYV92ZXJzaW9uIjoiMiJ9"
        }
      ]
    }
  ],
  "check_results": null
}
