{
  "version": 4,
  "terraform_version": "1.12.2",
  "serial": 6,
  "lineage": "6ff601b9-d22a-d22d-73f3-b97351879bb9",
  "outputs": {},
  "resources": [
    {
      "mode": "data",
      "type": "google_client_config",
      "name": "default",
      "provider": "provider[\"registry.terraform.io/hashicorp/google\"]",
      "instances": [
        {
          "schema_version": 0,
          "attributes": {
            "access_token": "ya29.a0AS3H6Nzmi0Q9J3rjrr88cNsktHoPs4jaMqDL9pD8l65zBNgDMbpfWRv-wgppybO6uE9tAATY2kUpnDZSbW_ePye7m2HBSXHdMe58jm9FhRBtC8kXYQ8dqp3iFutmvkxeGnUZvoDWzcfavTLFHkAgwn7hj3V0LKez4t4tBHCiaCgYKAQkSARQSFQHGX2MiUy8h2oarE9DSOSJ-TemUVg0175",
            "id": "projects/\"gentle-broker-469013-d6\"/regions/\"us-central1\"/zones/\"us-central1-a\"",
            "project": "gentle-broker-469013-d6",
            "region": "us-central1",
            "zone": "us-central1-a"
          },
          "sensitive_attributes": [
            [
              {
                "type": "get_attr",
                "value": "access_token"
              }
            ]
          ],
          "identity_schema_version": 0
        }
      ]
    },
    {
      "mode": "managed",
      "type": "google_container_cluster",
      "name": "primary",
      "provider": "provider[\"registry.terraform.io/hashicorp/google\"]",
      "instances": [
        {
          "schema_version": 2,
          "attributes": {
            "addons_config": [
              {
                "cloudrun_config": [],
                "config_connector_config": [],
                "dns_cache_config": [],
                "gce_persistent_disk_csi_driver_config": [
                  {
                    "enabled": true
                  }
                ],
                "gcp_filestore_csi_driver_config": [],
                "gcs_fuse_csi_driver_config": [],
                "gke_backup_agent_config": [],
                "horizontal_pod_autoscaling": [],
                "http_load_balancing": [],
                "network_policy_config": [
                  {
                    "disabled": true
                  }
                ],
                "stateful_ha_config": []
              }
            ],
            "allow_net_admin": null,
            "authenticator_groups_config": [],
            "binary_authorization": [],
            "cluster_autoscaling": [
              {
                "auto_provisioning_defaults": [],
                "autoscaling_profile": "BALANCED",
                "enabled": false,
                "resource_limits": []
              }
            ],
            "cluster_ipv4_cidr": "10.88.0.0/14",
            "confidential_nodes": [],
            "cost_management_config": [],
            "database_encryption": [
              {
                "key_name": "",
                "state": "DECRYPTED"
              }
            ],
            "datapath_provider": "",
            "default_max_pods_per_node": 110,
            "default_snat_status": [],
            "deletion_protection": true,
            "description": "",
            "dns_config": [],
            "enable_autopilot": false,
            "enable_cilium_clusterwide_network_policy": false,
            "enable_intranode_visibility": false,
            "enable_k8s_beta_apis": [],
            "enable_kubernetes_alpha": false,
            "enable_l4_ilb_subsetting": false,
            "enable_legacy_abac": false,
            "enable_shielded_nodes": true,
            "enable_tpu": false,
            "endpoint": "34.31.243.231",
            "fleet": [],
            "gateway_api_config": [],
            "id": "projects/gentle-broker-469013-d6/locations/us-central1-a/clusters/pipeline-cluster",
            "identity_service_config": [],
            "initial_node_count": 0,
            "ip_allocation_policy": [
              {
                "additional_pod_ranges_config": [],
                "cluster_ipv4_cidr_block": "10.88.0.0/14",
                "cluster_secondary_range_name": "gke-pipeline-cluster-pods-02d4b4a0",
                "pod_cidr_overprovision_config": [
                  {
                    "disabled": false
                  }
                ],
                "services_ipv4_cidr_block": "34.118.224.0/20",
                "services_secondary_range_name": "",
                "stack_type": "IPV4"
              }
            ],
            "label_fingerprint": "a9dc16a7",
            "location": "us-central1-a",
            "logging_config": [
              {
                "enable_components": [
                  "SYSTEM_COMPONENTS",
                  "WORKLOADS"
                ]
              }
            ],
            "logging_service": "logging.googleapis.com/kubernetes",
            "maintenance_policy": [],
            "master_auth": [
              {
                "client_certificate": "",
                "client_certificate_config": [
                  {
                    "issue_client_certificate": false
                  }
                ],
                "client_key": "",
                "cluster_ca_certificate": "LS0tLS1CRUdJTiBDRVJUSUZJQ0FURS0tLS0tCk1JSUVMRENDQXBTZ0F3SUJBZ0lRQzU2Z2RsMVEzelZtYnNYdHVxN2w3VEFOQmdrcWhraUc5dzBCQVFzRkFEQXYKTVMwd0t3WURWUVFERXlSalpHWXhZMlkyTkMwME1qQXlMVFEyTmpndFlUQXhNUzFrTUdFNU0yWTJOVE0zTVdFdwpJQmNOTWpVd09ERTBNVE13TkRReldoZ1BNakExTlRBNE1EY3hOREEwTkROYU1DOHhMVEFyQmdOVkJBTVRKR05rClpqRmpaalkwTFRReU1ESXRORFkyT0MxaE1ERXhMV1F3WVRrelpqWTFNemN4WVRDQ0FhSXdEUVlKS29aSWh2Y04KQVFFQkJRQURnZ0dQQURDQ0FZb0NnZ0dCQU5VNDN2MVh1NzNvRXFxSWZZU2p0bVNLdkhqN0cwYXRTYjZxdjdRYwpPV1hLUWpUYm9uTC94N2JYTlFYcWgrbHF1SnN4ajluc3NOVWFrMDdmWVNMdG9hRVBtT0tvTXpCaDFwbERLcEVZCmxnL3gvT0N6N0FHNzl6cTJTYVBUaEdIRzN5YkNhSkpSUUkrR29PcmtPYzExOVhzWW5SQXNDY2tXOStBNTFmLzkKWHFDOW4zeDdndVBxbm4yWjFuYTRadVZpam40WlpLVXFWSHFSV3VVL0VHYzVSbTczZktkR1NMbWZLTVIxSzh3VgpkR1B5N1NkVVVja1gxanFMWlN3Vk4xUzdXTW91eXZ4MlR4R1NIeWZIQVdVY1R4Q0xxenUvcStYd1VZVUxhRUdmCnlpb3M0ajRXdzUwdTJDa0g5ZkZRR1lkeFZ3bUE0dHdla2d5eENKUWsyY1d3a0pHblJSQkhUVC9GcjRvR0dsK24KL21OMFc3RW9ibUVlVm9IVjdNYlBNaVplVmhNeWhCVzQzM0JZVWZiYjVaOE8zeVhNaTVaSHNuWFQ3THZNUEQyKwpoT1RHVDZ4Y28rTXA3em9VZnNrM1hPaDFhdkpmZXNXN1NDZjR4K2JhR2pOQk5VQlVvTlZoc3ROVlU3SmRvbm80CnVaTHhnZjc0RktaR3dQV1hUZ3l1bFRaZk93SURBUUFCbzBJd1FEQU9CZ05WSFE4QkFmOEVCQU1DQWdRd0R3WUQKVlIwVEFRSC9CQVV3QXdFQi96QWRCZ05WSFE0RUZnUVU4MU9GMGhWWHVCR0JUb0txYmhzUkRVVkNMVlF3RFFZSgpLb1pJaHZjTkFRRUxCUUFEZ2dHQkFJRHRKQ3BHRWxYZXNrQkpGRmRjOHJmdnZrNXhqR2NWK05MTHJXdmw0eElXCnVaTlJvaEoyWkRNM0NXaTVIQk0yS1VoeGpLdFcwbXlaVDRySllhWWNnbmVqaDZPRkJ0Z2hya3NGSHhIQmIrT2YKanlhQ2N4OFlUQWRSOCtnQytZNkZldFFEQzZ2TFQ2cCtnVUVLd2wray92SkphS3Q0OEw3UHNmQlZtTUNXZXMzTApQK01PMlhDWDNHTUJWL0RSWE1ldjZVZkpYVWZWV3B2V1B2SEVpRGdzT2s2RnlEa3FkQ3Q1YmthdkV0S0tDRzlQCnJWQXpXL2JnOHU5OS85TVBSUFNKOVJ3MXRCdFZQaEtZUWxtclRDaW9VZys0SzQzTGtGK3ZtaDRpZlBDR1BoTWwKbmhGQm1qNDFCYXQzWFAwUGNrdElWc0xDVWZyUjNCSDlkeFFDK1B5a2hTTENGa3h0MFZZTlM2YVAwQjdRUU5SYQpUZmVFT1daamszN3RlQWh4ek0xa3crZngwREwwNEg5K3NzOU83QW5XQ2tuUXdLVmhoaG1NSVNsZTk3d0lmSGpRCmhMc0tZM2FOR3JSaFEyQWtld3NVT09Ea2hKbFdMd0RVclVNMWs2TjMrQXNwZDVHRzhvaXpoMzl2dzQ1TnpiQTkKQ1cwc0FDU040NFJ6QVl6OVRyS2JlZz09Ci0tLS0tRU5EIENFUlRJRklDQVRFLS0tLS0K"
              }
            ],
            "master_authorized_networks_config": [],
            "master_version": "1.33.2-gke.1240000",
            "mesh_certificates": [],
            "min_master_version": null,
            "monitoring_config": [
              {
                "advanced_datapath_observability_config": [
                  {
                    "enable_metrics": false,
                    "enable_relay": false,
                    "relay_mode": "DISABLED"
                  }
                ],
                "enable_components": [
                  "SYSTEM_COMPONENTS",
                  "JOBSET",
                  "STORAGE",
                  "HPA",
                  "POD",
                  "DAEMONSET",
                  "DEPLOYMENT",
                  "STATEFULSET",
                  "CADVISOR",
                  "KUBELET",
                  "DCGM"
                ],
                "managed_prometheus": [
                  {
                    "enabled": true
                  }
                ]
              }
            ],
            "monitoring_service": "monitoring.googleapis.com/kubernetes",
            "name": "pipeline-cluster",
            "network": "projects/gentle-broker-469013-d6/global/networks/default",
            "network_policy": [
              {
                "enabled": false,
                "provider": "PROVIDER_UNSPECIFIED"
              }
            ],
            "networking_mode": "VPC_NATIVE",
            "node_config": [
              {
                "advanced_machine_features": [],
                "boot_disk_kms_key": "",
                "confidential_nodes": [],
                "containerd_config": [],
                "disk_size_gb": 100,
                "disk_type": "pd-balanced",
                "effective_taints": [],
                "enable_confidential_storage": false,
                "ephemeral_storage_local_ssd_config": [],
                "fast_socket": [],
                "gcfs_config": [],
                "guest_accelerator": [],
                "gvnic": [],
                "host_maintenance_policy": [],
                "image_type": "COS_CONTAINERD",
                "kubelet_config": [
                  {
                    "cpu_cfs_quota": false,
                    "cpu_cfs_quota_period": "",
                    "cpu_manager_policy": "",
                    "pod_pids_limit": 0
                  }
                ],
                "labels": {},
                "linux_node_config": [],
                "local_nvme_ssd_block_config": [],
                "local_ssd_count": 0,
                "logging_variant": "DEFAULT",
                "machine_type": "e2-medium",
                "metadata": {
                  "disable-legacy-endpoints": "true"
                },
                "min_cpu_platform": "",
                "node_group": "",
                "oauth_scopes": [
                  "https://www.googleapis.com/auth/devstorage.read_only",
                  "https://www.googleapis.com/auth/logging.write",
                  "https://www.googleapis.com/auth/monitoring",
                  "https://www.googleapis.com/auth/service.management.readonly",
                  "https://www.googleapis.com/auth/servicecontrol",
                  "https://www.googleapis.com/auth/trace.append"
                ],
                "preemptible": false,
                "reservation_affinity": [],
                "resource_labels": {
                  "goog-gke-node-pool-provisioning-model": "on-demand"
                },
                "resource_manager_tags": {},
                "secondary_boot_disks": [],
                "service_account": "default",
                "shielded_instance_config": [
                  {
                    "enable_integrity_monitoring": true,
                    "enable_secure_boot": false
                  }
                ],
                "sole_tenant_config": [],
                "spot": false,
                "tags": [],
                "taint": [],
                "workload_metadata_config": []
              }
            ],
            "node_locations": [],
            "node_pool": [
              {
                "autoscaling": [],
                "initial_node_count": 2,
                "instance_group_urls": [
                  "https://www.googleapis.com/compute/v1/projects/gentle-broker-469013-d6/zones/us-central1-a/instanceGroupManagers/gke-pipeline-cluster-default-pool-ffe226be-grp"
                ],
                "managed_instance_group_urls": [
                  "https://www.googleapis.com/compute/v1/projects/gentle-broker-469013-d6/zones/us-central1-a/instanceGroups/gke-pipeline-cluster-default-pool-ffe226be-grp"
                ],
                "management": [
                  {
                    "auto_repair": true,
                    "auto_upgrade": true
                  }
                ],
                "max_pods_per_node": 110,
                "name": "default-pool",
                "name_prefix": "",
                "network_config": [
                  {
                    "create_pod_range": false,
                    "enable_private_nodes": false,
                    "network_performance_config": [],
                    "pod_cidr_overprovision_config": [],
                    "pod_ipv4_cidr_block": "10.88.0.0/14",
                    "pod_range": "gke-pipeline-cluster-pods-02d4b4a0"
                  }
                ],
                "node_config": [
                  {
                    "advanced_machine_features": [],
                    "boot_disk_kms_key": "",
                    "confidential_nodes": [],
                    "containerd_config": [],
                    "disk_size_gb": 100,
                    "disk_type": "pd-balanced",
                    "effective_taints": [],
                    "enable_confidential_storage": false,
                    "ephemeral_storage_local_ssd_config": [],
                    "fast_socket": [],
                    "gcfs_config": [],
                    "guest_accelerator": [],
                    "gvnic": [],
                    "host_maintenance_policy": [],
                    "image_type": "COS_CONTAINERD",
                    "kubelet_config": [
                      {
                        "cpu_cfs_quota": false,
                        "cpu_cfs_quota_period": "",
                        "cpu_manager_policy": "",
                        "pod_pids_limit": 0
                      }
                    ],
                    "labels": {},
                    "linux_node_config": [],
                    "local_nvme_ssd_block_config": [],
                    "local_ssd_count": 0,
                    "logging_variant": "DEFAULT",
                    "machine_type": "e2-medium",
                    "metadata": {
                      "disable-legacy-endpoints": "true"
                    },
                    "min_cpu_platform": "",
                    "node_group": "",
                    "oauth_scopes": [
                      "https://www.googleapis.com/auth/devstorage.read_only",
                      "https://www.googleapis.com/auth/logging.write",
                      "https://www.googleapis.com/auth/monitoring",
                      "https://www.googleapis.com/auth/service.management.readonly",
                      "https://www.googleapis.com/auth/servicecontrol",
                      "https://www.googleapis.com/auth/trace.append"
                    ],
                    "preemptible": false,
                    "reservation_affinity": [],
                    "resource_labels": {
                      "goog-gke-node-pool-provisioning-model": "on-demand"
                    },
                    "resource_manager_tags": {},
                    "secondary_boot_disks": [],
                    "service_account": "default",
                    "shielded_instance_config": [
                      {
                        "enable_integrity_monitoring": true,
                        "enable_secure_boot": false
                      }
                    ],
                    "sole_tenant_config": [],
                    "spot": false,
                    "tags": [],
                    "taint": [],
                    "workload_metadata_config": []
                  }
                ],
                "node_count": 2,
                "node_locations": [
                  "us-central1-a"
                ],
                "placement_policy": [],
                "queued_provisioning": [],
                "upgrade_settings": [
                  {
                    "blue_green_settings": [],
                    "max_surge": 1,
                    "max_unavailable": 0,
                    "strategy": "SURGE"
                  }
                ],
                "version": "1.33.2-gke.1240000"
              }
            ],
            "node_pool_auto_config": [
              {
                "network_tags": [],
                "resource_manager_tags": null
              }
            ],
            "node_pool_defaults": [
              {
                "node_config_defaults": [
                  {
                    "containerd_config": [],
                    "logging_variant": "DEFAULT"
                  }
                ]
              }
            ],
            "node_version": "1.33.2-gke.1240000",
            "notification_config": [
              {
                "pubsub": [
                  {
                    "enabled": false,
                    "filter": [],
                    "topic": ""
                  }
                ]
              }
            ],
            "operation": null,
            "private_cluster_config": [
              {
                "enable_private_endpoint": false,
                "enable_private_nodes": false,
                "master_global_access_config": [
                  {
                    "enabled": false
                  }
                ],
                "master_ipv4_cidr_block": "",
                "peering_name": "",
                "private_endpoint": "10.128.0.2",
                "private_endpoint_subnetwork": "",
                "public_endpoint": "34.31.243.231"
              }
            ],
            "private_ipv6_google_access": "",
            "project": "gentle-broker-469013-d6",
            "release_channel": [
              {
                "channel": "REGULAR"
              }
            ],
            "remove_default_node_pool": null,
            "resource_labels": {},
            "resource_usage_export_config": [],
            "security_posture_config": [
              {
                "mode": "BASIC",
                "vulnerability_mode": "VULNERABILITY_MODE_UNSPECIFIED"
              }
            ],
            "self_link": "https://container.googleapis.com/v1/projects/gentle-broker-469013-d6/zones/us-central1-a/clusters/pipeline-cluster",
            "service_external_ips_config": [
              {
                "enabled": false
              }
            ],
            "services_ipv4_cidr": "34.118.224.0/20",
            "subnetwork": "projects/gentle-broker-469013-d6/regions/us-central1/subnetworks/default",
            "timeouts": null,
            "tpu_ipv4_cidr_block": "",
            "vertical_pod_autoscaling": [],
            "workload_identity_config": []
          },
          "sensitive_attributes": [
            [
              {
                "type": "get_attr",
                "value": "master_auth"
              },
              {
                "type": "index",
                "value": {
                  "value": 0,
                  "type": "number"
                }
              },
              {
                "type": "get_attr",
                "value": "client_key"
              }
            ]
          ],
          "identity_schema_version": 0,
          "private": "eyJlMmJmYjczMC1lY2FhLTExZTYtOGY4OC0zNDM2M2JjN2M0YzAiOnsiY3JlYXRlIjoyNDAwMDAwMDAwMDAwLCJkZWxldGUiOjI0MDAwMDAwMDAwMDAsInJlYWQiOjI0MDAwMDAwMDAwMDAsInVwZGF0ZSI6MzYwMDAwMDAwMDAwMH0sInNjaGVtYV92ZXJzaW9uIjoiMiJ9"
        }
      ]
    }
  ],
  "check_results": null
}
